// !$*UTF8*$!
{
	archiveVersion = 1;
	classes = {
	};
	objectVersion = 50;
	objects = {

/* Begin PBXBuildFile section */
		7BDC843521BEFED3006AF641 /* AppDelegate.swift in Sources */ = {isa = PBXBuildFile; fileRef = 7BDC843421BEFED3006AF641 /* AppDelegate.swift */; };
		7BDC843A21BEFED3006AF641 /* Main.storyboard in Resources */ = {isa = PBXBuildFile; fileRef = 7BDC843821BEFED3006AF641 /* Main.storyboard */; };
		7BDC843C21BEFED5006AF641 /* Assets.xcassets in Resources */ = {isa = PBXBuildFile; fileRef = 7BDC843B21BEFED5006AF641 /* Assets.xcassets */; };
		7BDC843F21BEFED5006AF641 /* LaunchScreen.storyboard in Resources */ = {isa = PBXBuildFile; fileRef = 7BDC843D21BEFED5006AF641 /* LaunchScreen.storyboard */; };
		7BDC844A21BF1C61006AF641 /* MapKit.framework in Frameworks */ = {isa = PBXBuildFile; fileRef = 7BDC844921BF1C61006AF641 /* MapKit.framework */; };
		7BDC845121BF1D18006AF641 /* Adoptimistic.xcdatamodeld in Sources */ = {isa = PBXBuildFile; fileRef = 7BDC844F21BF1D18006AF641 /* Adoptimistic.xcdatamodeld */; };
		7BDC845521BF5056006AF641 /* CoreDataStack.swift in Sources */ = {isa = PBXBuildFile; fileRef = 7BDC845421BF5056006AF641 /* CoreDataStack.swift */; };
		7BDC845721BF5088006AF641 /* Pet+Convenience.swift in Sources */ = {isa = PBXBuildFile; fileRef = 7BDC845621BF5088006AF641 /* Pet+Convenience.swift */; };
		7BDC845921BF58ED006AF641 /* PetRepresentation.swift in Sources */ = {isa = PBXBuildFile; fileRef = 7BDC845821BF58ED006AF641 /* PetRepresentation.swift */; };
		7BDC845B21BF5FCC006AF641 /* PetfinderEnums.swift in Sources */ = {isa = PBXBuildFile; fileRef = 7BDC845A21BF5FCC006AF641 /* PetfinderEnums.swift */; };
		7BDC845D21C0073C006AF641 /* Shelter+Convenience.swift in Sources */ = {isa = PBXBuildFile; fileRef = 7BDC845C21C0073C006AF641 /* Shelter+Convenience.swift */; };
		7BDC845F21C00768006AF641 /* ShelterRepresentation.swift in Sources */ = {isa = PBXBuildFile; fileRef = 7BDC845E21C00768006AF641 /* ShelterRepresentation.swift */; };
		7BDC846221C03679006AF641 /* PetSearchCollectionViewController.swift in Sources */ = {isa = PBXBuildFile; fileRef = 7BDC846121C03679006AF641 /* PetSearchCollectionViewController.swift */; };
		7BDC846421C036A0006AF641 /* MapSearchViewController.swift in Sources */ = {isa = PBXBuildFile; fileRef = 7BDC846321C036A0006AF641 /* MapSearchViewController.swift */; };
		7BDC846621C036C1006AF641 /* FavoritesCollectionViewController.swift in Sources */ = {isa = PBXBuildFile; fileRef = 7BDC846521C036C1006AF641 /* FavoritesCollectionViewController.swift */; };
		7BDC846821C036E0006AF641 /* PetDetailViewController.swift in Sources */ = {isa = PBXBuildFile; fileRef = 7BDC846721C036E0006AF641 /* PetDetailViewController.swift */; };
		7BDC846A21C0372C006AF641 /* MainTabBarViewController.swift in Sources */ = {isa = PBXBuildFile; fileRef = 7BDC846921C0372C006AF641 /* MainTabBarViewController.swift */; };
		7BDC846C21C0376E006AF641 /* TransitionalNavigationController.swift in Sources */ = {isa = PBXBuildFile; fileRef = 7BDC846B21C0376E006AF641 /* TransitionalNavigationController.swift */; };
		7BDC847021C03803006AF641 /* PetController.swift in Sources */ = {isa = PBXBuildFile; fileRef = 7BDC846F21C03803006AF641 /* PetController.swift */; };
		7BDC847221C03832006AF641 /* PetfinderClient.swift in Sources */ = {isa = PBXBuildFile; fileRef = 7BDC847121C03832006AF641 /* PetfinderClient.swift */; };
		7BDC847421C04CCC006AF641 /* HTTPMethod.swift in Sources */ = {isa = PBXBuildFile; fileRef = 7BDC847321C04CCC006AF641 /* HTTPMethod.swift */; };
		7BDC847621C059BB006AF641 /* BreedResults.swift in Sources */ = {isa = PBXBuildFile; fileRef = 7BDC847521C059BB006AF641 /* BreedResults.swift */; };
		7BDC847821C0B46A006AF641 /* PetResultCollectionViewCell.swift in Sources */ = {isa = PBXBuildFile; fileRef = 7BDC847721C0B46A006AF641 /* PetResultCollectionViewCell.swift */; };
		7BDC847A21C0CA58006AF641 /* PetRepresentation+Mapping.swift in Sources */ = {isa = PBXBuildFile; fileRef = 7BDC847921C0CA58006AF641 /* PetRepresentation+Mapping.swift */; };
/* End PBXBuildFile section */

/* Begin PBXFileReference section */
		7BDC843121BEFED3006AF641 /* Adoptimistic.app */ = {isa = PBXFileReference; explicitFileType = wrapper.application; includeInIndex = 0; path = Adoptimistic.app; sourceTree = BUILT_PRODUCTS_DIR; };
		7BDC843421BEFED3006AF641 /* AppDelegate.swift */ = {isa = PBXFileReference; lastKnownFileType = sourcecode.swift; path = AppDelegate.swift; sourceTree = "<group>"; };
		7BDC843921BEFED3006AF641 /* Base */ = {isa = PBXFileReference; lastKnownFileType = file.storyboard; name = Base; path = Base.lproj/Main.storyboard; sourceTree = "<group>"; };
		7BDC843B21BEFED5006AF641 /* Assets.xcassets */ = {isa = PBXFileReference; lastKnownFileType = folder.assetcatalog; path = Assets.xcassets; sourceTree = "<group>"; };
		7BDC843E21BEFED5006AF641 /* Base */ = {isa = PBXFileReference; lastKnownFileType = file.storyboard; name = Base; path = Base.lproj/LaunchScreen.storyboard; sourceTree = "<group>"; };
		7BDC844021BEFED5006AF641 /* Info.plist */ = {isa = PBXFileReference; lastKnownFileType = text.plist.xml; path = Info.plist; sourceTree = "<group>"; };
		7BDC844921BF1C61006AF641 /* MapKit.framework */ = {isa = PBXFileReference; lastKnownFileType = wrapper.framework; name = MapKit.framework; path = System/Library/Frameworks/MapKit.framework; sourceTree = SDKROOT; };
		7BDC845021BF1D18006AF641 /* Adoptimistic.xcdatamodel */ = {isa = PBXFileReference; lastKnownFileType = wrapper.xcdatamodel; path = Adoptimistic.xcdatamodel; sourceTree = "<group>"; };
		7BDC845421BF5056006AF641 /* CoreDataStack.swift */ = {isa = PBXFileReference; lastKnownFileType = sourcecode.swift; path = CoreDataStack.swift; sourceTree = "<group>"; };
		7BDC845621BF5088006AF641 /* Pet+Convenience.swift */ = {isa = PBXFileReference; lastKnownFileType = sourcecode.swift; path = "Pet+Convenience.swift"; sourceTree = "<group>"; };
		7BDC845821BF58ED006AF641 /* PetRepresentation.swift */ = {isa = PBXFileReference; lastKnownFileType = sourcecode.swift; path = PetRepresentation.swift; sourceTree = "<group>"; };
		7BDC845A21BF5FCC006AF641 /* PetfinderEnums.swift */ = {isa = PBXFileReference; lastKnownFileType = sourcecode.swift; path = PetfinderEnums.swift; sourceTree = "<group>"; };
		7BDC845C21C0073C006AF641 /* Shelter+Convenience.swift */ = {isa = PBXFileReference; lastKnownFileType = sourcecode.swift; path = "Shelter+Convenience.swift"; sourceTree = "<group>"; };
		7BDC845E21C00768006AF641 /* ShelterRepresentation.swift */ = {isa = PBXFileReference; lastKnownFileType = sourcecode.swift; path = ShelterRepresentation.swift; sourceTree = "<group>"; };
		7BDC846121C03679006AF641 /* PetSearchCollectionViewController.swift */ = {isa = PBXFileReference; lastKnownFileType = sourcecode.swift; path = PetSearchCollectionViewController.swift; sourceTree = "<group>"; };
		7BDC846321C036A0006AF641 /* MapSearchViewController.swift */ = {isa = PBXFileReference; lastKnownFileType = sourcecode.swift; path = MapSearchViewController.swift; sourceTree = "<group>"; };
		7BDC846521C036C1006AF641 /* FavoritesCollectionViewController.swift */ = {isa = PBXFileReference; lastKnownFileType = sourcecode.swift; path = FavoritesCollectionViewController.swift; sourceTree = "<group>"; };
		7BDC846721C036E0006AF641 /* PetDetailViewController.swift */ = {isa = PBXFileReference; lastKnownFileType = sourcecode.swift; path = PetDetailViewController.swift; sourceTree = "<group>"; };
		7BDC846921C0372C006AF641 /* MainTabBarViewController.swift */ = {isa = PBXFileReference; lastKnownFileType = sourcecode.swift; path = MainTabBarViewController.swift; sourceTree = "<group>"; };
		7BDC846B21C0376E006AF641 /* TransitionalNavigationController.swift */ = {isa = PBXFileReference; lastKnownFileType = sourcecode.swift; path = TransitionalNavigationController.swift; sourceTree = "<group>"; };
		7BDC846F21C03803006AF641 /* PetController.swift */ = {isa = PBXFileReference; lastKnownFileType = sourcecode.swift; path = PetController.swift; sourceTree = "<group>"; };
		7BDC847121C03832006AF641 /* PetfinderClient.swift */ = {isa = PBXFileReference; lastKnownFileType = sourcecode.swift; path = PetfinderClient.swift; sourceTree = "<group>"; };
		7BDC847321C04CCC006AF641 /* HTTPMethod.swift */ = {isa = PBXFileReference; lastKnownFileType = sourcecode.swift; path = HTTPMethod.swift; sourceTree = "<group>"; };
		7BDC847521C059BB006AF641 /* BreedResults.swift */ = {isa = PBXFileReference; lastKnownFileType = sourcecode.swift; path = BreedResults.swift; sourceTree = "<group>"; };
		7BDC847721C0B46A006AF641 /* PetResultCollectionViewCell.swift */ = {isa = PBXFileReference; lastKnownFileType = sourcecode.swift; path = PetResultCollectionViewCell.swift; sourceTree = "<group>"; };
		7BDC847921C0CA58006AF641 /* PetRepresentation+Mapping.swift */ = {isa = PBXFileReference; lastKnownFileType = sourcecode.swift; path = "PetRepresentation+Mapping.swift"; sourceTree = "<group>"; };
/* End PBXFileReference section */

/* Begin PBXFrameworksBuildPhase section */
		7BDC842E21BEFED3006AF641 /* Frameworks */ = {
			isa = PBXFrameworksBuildPhase;
			buildActionMask = 2147483647;
			files = (
				7BDC844A21BF1C61006AF641 /* MapKit.framework in Frameworks */,
			);
			runOnlyForDeploymentPostprocessing = 0;
		};
/* End PBXFrameworksBuildPhase section */

/* Begin PBXGroup section */
		7BDC842821BEFED3006AF641 = {
			isa = PBXGroup;
			children = (
				7BDC843321BEFED3006AF641 /* Adoptimistic */,
				7BDC843221BEFED3006AF641 /* Products */,
				7BDC844821BF1C61006AF641 /* Frameworks */,
			);
			sourceTree = "<group>";
		};
		7BDC843221BEFED3006AF641 /* Products */ = {
			isa = PBXGroup;
			children = (
				7BDC843121BEFED3006AF641 /* Adoptimistic.app */,
			);
			name = Products;
			sourceTree = "<group>";
		};
		7BDC843321BEFED3006AF641 /* Adoptimistic */ = {
			isa = PBXGroup;
			children = (
				7BDC846E21C037B8006AF641 /* Network Client */,
				7BDC846D21C037A6006AF641 /* Model Controller */,
				7BDC846021C0364C006AF641 /* View Controllers */,
				7BDC844C21BF1CC0006AF641 /* Model */,
				7BDC844621BF1B48006AF641 /* Storyboard */,
				7BDC844721BF1B5F006AF641 /* Resources */,
			);
			path = Adoptimistic;
			sourceTree = "<group>";
		};
		7BDC844621BF1B48006AF641 /* Storyboard */ = {
			isa = PBXGroup;
			children = (
				7BDC843821BEFED3006AF641 /* Main.storyboard */,
				7BDC843D21BEFED5006AF641 /* LaunchScreen.storyboard */,
			);
			path = Storyboard;
			sourceTree = "<group>";
		};
		7BDC844721BF1B5F006AF641 /* Resources */ = {
			isa = PBXGroup;
			children = (
				7BDC843421BEFED3006AF641 /* AppDelegate.swift */,
				7BDC843B21BEFED5006AF641 /* Assets.xcassets */,
				7BDC844021BEFED5006AF641 /* Info.plist */,
				7BDC847321C04CCC006AF641 /* HTTPMethod.swift */,
			);
			name = Resources;
			sourceTree = "<group>";
		};
		7BDC844821BF1C61006AF641 /* Frameworks */ = {
			isa = PBXGroup;
			children = (
				7BDC844921BF1C61006AF641 /* MapKit.framework */,
			);
			name = Frameworks;
			sourceTree = "<group>";
		};
		7BDC844C21BF1CC0006AF641 /* Model */ = {
			isa = PBXGroup;
			children = (
				7BDC844F21BF1D18006AF641 /* Adoptimistic.xcdatamodeld */,
				7BDC845A21BF5FCC006AF641 /* PetfinderEnums.swift */,
				7BDC845421BF5056006AF641 /* CoreDataStack.swift */,
				7BDC845621BF5088006AF641 /* Pet+Convenience.swift */,
				7BDC845821BF58ED006AF641 /* PetRepresentation.swift */,
				7BDC847921C0CA58006AF641 /* PetRepresentation+Mapping.swift */,
				7BDC845C21C0073C006AF641 /* Shelter+Convenience.swift */,
				7BDC845E21C00768006AF641 /* ShelterRepresentation.swift */,
				7BDC847521C059BB006AF641 /* BreedResults.swift */,
			);
			path = Model;
			sourceTree = "<group>";
		};
		7BDC846021C0364C006AF641 /* View Controllers */ = {
			isa = PBXGroup;
			children = (
				7BDC846121C03679006AF641 /* PetSearchCollectionViewController.swift */,
				7BDC847721C0B46A006AF641 /* PetResultCollectionViewCell.swift */,
				7BDC846321C036A0006AF641 /* MapSearchViewController.swift */,
				7BDC846521C036C1006AF641 /* FavoritesCollectionViewController.swift */,
				7BDC846721C036E0006AF641 /* PetDetailViewController.swift */,
				7BDC846921C0372C006AF641 /* MainTabBarViewController.swift */,
				7BDC846B21C0376E006AF641 /* TransitionalNavigationController.swift */,
			);
			path = "View Controllers";
			sourceTree = "<group>";
		};
		7BDC846D21C037A6006AF641 /* Model Controller */ = {
			isa = PBXGroup;
			children = (
				7BDC846F21C03803006AF641 /* PetController.swift */,
			);
			path = "Model Controller";
			sourceTree = "<group>";
		};
		7BDC846E21C037B8006AF641 /* Network Client */ = {
			isa = PBXGroup;
			children = (
				7BDC847121C03832006AF641 /* PetfinderClient.swift */,
			);
			path = "Network Client";
			sourceTree = "<group>";
		};
/* End PBXGroup section */

/* Begin PBXNativeTarget section */
		7BDC843021BEFED3006AF641 /* Adoptimistic */ = {
			isa = PBXNativeTarget;
			buildConfigurationList = 7BDC844321BEFED5006AF641 /* Build configuration list for PBXNativeTarget "Adoptimistic" */;
			buildPhases = (
				7BDC842D21BEFED3006AF641 /* Sources */,
				7BDC842E21BEFED3006AF641 /* Frameworks */,
				7BDC842F21BEFED3006AF641 /* Resources */,
			);
			buildRules = (
			);
			dependencies = (
			);
			name = Adoptimistic;
			productName = Adoptimistic;
			productReference = 7BDC843121BEFED3006AF641 /* Adoptimistic.app */;
			productType = "com.apple.product-type.application";
		};
/* End PBXNativeTarget section */

/* Begin PBXProject section */
		7BDC842921BEFED3006AF641 /* Project object */ = {
			isa = PBXProject;
			attributes = {
				LastSwiftUpdateCheck = 1010;
				LastUpgradeCheck = 1010;
				ORGANIZATIONNAME = "Daniela Parra";
				TargetAttributes = {
					7BDC843021BEFED3006AF641 = {
						CreatedOnToolsVersion = 10.1;
						SystemCapabilities = {
							com.apple.Maps.iOS = {
								enabled = 1;
							};
						};
					};
				};
			};
			buildConfigurationList = 7BDC842C21BEFED3006AF641 /* Build configuration list for PBXProject "Adoptimistic" */;
			compatibilityVersion = "Xcode 9.3";
			developmentRegion = en;
			hasScannedForEncodings = 0;
			knownRegions = (
				en,
				Base,
			);
			mainGroup = 7BDC842821BEFED3006AF641;
			productRefGroup = 7BDC843221BEFED3006AF641 /* Products */;
			projectDirPath = "";
			projectRoot = "";
			targets = (
				7BDC843021BEFED3006AF641 /* Adoptimistic */,
			);
		};
/* End PBXProject section */

/* Begin PBXResourcesBuildPhase section */
		7BDC842F21BEFED3006AF641 /* Resources */ = {
			isa = PBXResourcesBuildPhase;
			buildActionMask = 2147483647;
			files = (
				7BDC843F21BEFED5006AF641 /* LaunchScreen.storyboard in Resources */,
				7BDC843C21BEFED5006AF641 /* Assets.xcassets in Resources */,
				7BDC843A21BEFED3006AF641 /* Main.storyboard in Resources */,
			);
			runOnlyForDeploymentPostprocessing = 0;
		};
/* End PBXResourcesBuildPhase section */

/* Begin PBXSourcesBuildPhase section */
		7BDC842D21BEFED3006AF641 /* Sources */ = {
			isa = PBXSourcesBuildPhase;
			buildActionMask = 2147483647;
			files = (
				7BDC847221C03832006AF641 /* PetfinderClient.swift in Sources */,
				7BDC846221C03679006AF641 /* PetSearchCollectionViewController.swift in Sources */,
				7BDC846621C036C1006AF641 /* FavoritesCollectionViewController.swift in Sources */,
				7BDC847621C059BB006AF641 /* BreedResults.swift in Sources */,
				7BDC845F21C00768006AF641 /* ShelterRepresentation.swift in Sources */,
				7BDC846821C036E0006AF641 /* PetDetailViewController.swift in Sources */,
				7BDC845521BF5056006AF641 /* CoreDataStack.swift in Sources */,
				7BDC846C21C0376E006AF641 /* TransitionalNavigationController.swift in Sources */,
				7BDC846421C036A0006AF641 /* MapSearchViewController.swift in Sources */,
				7BDC845921BF58ED006AF641 /* PetRepresentation.swift in Sources */,
				7BDC846A21C0372C006AF641 /* MainTabBarViewController.swift in Sources */,
				7BDC847021C03803006AF641 /* PetController.swift in Sources */,
				7BDC845D21C0073C006AF641 /* Shelter+Convenience.swift in Sources */,
				7BDC847421C04CCC006AF641 /* HTTPMethod.swift in Sources */,
				7BDC845B21BF5FCC006AF641 /* PetfinderEnums.swift in Sources */,
				7BDC845721BF5088006AF641 /* Pet+Convenience.swift in Sources */,
				7BDC843521BEFED3006AF641 /* AppDelegate.swift in Sources */,
				7BDC847A21C0CA58006AF641 /* PetRepresentation+Mapping.swift in Sources */,
				7BDC845121BF1D18006AF641 /* Adoptimistic.xcdatamodeld in Sources */,
				7BDC847821C0B46A006AF641 /* PetResultCollectionViewCell.swift in Sources */,
			);
			runOnlyForDeploymentPostprocessing = 0;
		};
/* End PBXSourcesBuildPhase section */

/* Begin PBXVariantGroup section */
		7BDC843821BEFED3006AF641 /* Main.storyboard */ = {
			isa = PBXVariantGroup;
			children = (
				7BDC843921BEFED3006AF641 /* Base */,
			);
			name = Main.storyboard;
			sourceTree = "<group>";
		};
		7BDC843D21BEFED5006AF641 /* LaunchScreen.storyboard */ = {
			isa = PBXVariantGroup;
			children = (
				7BDC843E21BEFED5006AF641 /* Base */,
			);
			name = LaunchScreen.storyboard;
			sourceTree = "<group>";
		};
/* End PBXVariantGroup section */

/* Begin XCBuildConfiguration section */
		7BDC844121BEFED5006AF641 /* Debug */ = {
			isa = XCBuildConfiguration;
			buildSettings = {
				ALWAYS_SEARCH_USER_PATHS = NO;
				CLANG_ANALYZER_NONNULL = YES;
				CLANG_ANALYZER_NUMBER_OBJECT_CONVERSION = YES_AGGRESSIVE;
				CLANG_CXX_LANGUAGE_STANDARD = "gnu++14";
				CLANG_CXX_LIBRARY = "libc++";
				CLANG_ENABLE_MODULES = YES;
				CLANG_ENABLE_OBJC_ARC = YES;
				CLANG_ENABLE_OBJC_WEAK = YES;
				CLANG_WARN_BLOCK_CAPTURE_AUTORELEASING = YES;
				CLANG_WARN_BOOL_CONVERSION = YES;
				CLANG_WARN_COMMA = YES;
				CLANG_WARN_CONSTANT_CONVERSION = YES;
				CLANG_WARN_DEPRECATED_OBJC_IMPLEMENTATIONS = YES;
				CLANG_WARN_DIRECT_OBJC_ISA_USAGE = YES_ERROR;
				CLANG_WARN_DOCUMENTATION_COMMENTS = YES;
				CLANG_WARN_EMPTY_BODY = YES;
				CLANG_WARN_ENUM_CONVERSION = YES;
				CLANG_WARN_INFINITE_RECURSION = YES;
				CLANG_WARN_INT_CONVERSION = YES;
				CLANG_WARN_NON_LITERAL_NULL_CONVERSION = YES;
				CLANG_WARN_OBJC_IMPLICIT_RETAIN_SELF = YES;
				CLANG_WARN_OBJC_LITERAL_CONVERSION = YES;
				CLANG_WARN_OBJC_ROOT_CLASS = YES_ERROR;
				CLANG_WARN_RANGE_LOOP_ANALYSIS = YES;
				CLANG_WARN_STRICT_PROTOTYPES = YES;
				CLANG_WARN_SUSPICIOUS_MOVE = YES;
				CLANG_WARN_UNGUARDED_AVAILABILITY = YES_AGGRESSIVE;
				CLANG_WARN_UNREACHABLE_CODE = YES;
				CLANG_WARN__DUPLICATE_METHOD_MATCH = YES;
				CODE_SIGN_IDENTITY = "iPhone Developer";
				COPY_PHASE_STRIP = NO;
				DEBUG_INFORMATION_FORMAT = dwarf;
				ENABLE_STRICT_OBJC_MSGSEND = YES;
				ENABLE_TESTABILITY = YES;
				GCC_C_LANGUAGE_STANDARD = gnu11;
				GCC_DYNAMIC_NO_PIC = NO;
				GCC_NO_COMMON_BLOCKS = YES;
				GCC_OPTIMIZATION_LEVEL = 0;
				GCC_PREPROCESSOR_DEFINITIONS = (
					"DEBUG=1",
					"$(inherited)",
				);
				GCC_WARN_64_TO_32_BIT_CONVERSION = YES;
				GCC_WARN_ABOUT_RETURN_TYPE = YES_ERROR;
				GCC_WARN_UNDECLARED_SELECTOR = YES;
				GCC_WARN_UNINITIALIZED_AUTOS = YES_AGGRESSIVE;
				GCC_WARN_UNUSED_FUNCTION = YES;
				GCC_WARN_UNUSED_VARIABLE = YES;
				IPHONEOS_DEPLOYMENT_TARGET = 12.1;
				MTL_ENABLE_DEBUG_INFO = INCLUDE_SOURCE;
				MTL_FAST_MATH = YES;
				ONLY_ACTIVE_ARCH = YES;
				SDKROOT = iphoneos;
				SWIFT_ACTIVE_COMPILATION_CONDITIONS = DEBUG;
				SWIFT_OPTIMIZATION_LEVEL = "-Onone";
			};
			name = Debug;
		};
		7BDC844221BEFED5006AF641 /* Release */ = {
			isa = XCBuildConfiguration;
			buildSettings = {
				ALWAYS_SEARCH_USER_PATHS = NO;
				CLANG_ANALYZER_NONNULL = YES;
				CLANG_ANALYZER_NUMBER_OBJECT_CONVERSION = YES_AGGRESSIVE;
				CLANG_CXX_LANGUAGE_STANDARD = "gnu++14";
				CLANG_CXX_LIBRARY = "libc++";
				CLANG_ENABLE_MODULES = YES;
				CLANG_ENABLE_OBJC_ARC = YES;
				CLANG_ENABLE_OBJC_WEAK = YES;
				CLANG_WARN_BLOCK_CAPTURE_AUTORELEASING = YES;
				CLANG_WARN_BOOL_CONVERSION = YES;
				CLANG_WARN_COMMA = YES;
				CLANG_WARN_CONSTANT_CONVERSION = YES;
				CLANG_WARN_DEPRECATED_OBJC_IMPLEMENTATIONS = YES;
				CLANG_WARN_DIRECT_OBJC_ISA_USAGE = YES_ERROR;
				CLANG_WARN_DOCUMENTATION_COMMENTS = YES;
				CLANG_WARN_EMPTY_BODY = YES;
				CLANG_WARN_ENUM_CONVERSION = YES;
				CLANG_WARN_INFINITE_RECURSION = YES;
				CLANG_WARN_INT_CONVERSION = YES;
				CLANG_WARN_NON_LITERAL_NULL_CONVERSION = YES;
				CLANG_WARN_OBJC_IMPLICIT_RETAIN_SELF = YES;
				CLANG_WARN_OBJC_LITERAL_CONVERSION = YES;
				CLANG_WARN_OBJC_ROOT_CLASS = YES_ERROR;
				CLANG_WARN_RANGE_LOOP_ANALYSIS = YES;
				CLANG_WARN_STRICT_PROTOTYPES = YES;
				CLANG_WARN_SUSPICIOUS_MOVE = YES;
				CLANG_WARN_UNGUARDED_AVAILABILITY = YES_AGGRESSIVE;
				CLANG_WARN_UNREACHABLE_CODE = YES;
				CLANG_WARN__DUPLICATE_METHOD_MATCH = YES;
				CODE_SIGN_IDENTITY = "iPhone Developer";
				COPY_PHASE_STRIP = NO;
				DEBUG_INFORMATION_FORMAT = "dwarf-with-dsym";
				ENABLE_NS_ASSERTIONS = NO;
				ENABLE_STRICT_OBJC_MSGSEND = YES;
				GCC_C_LANGUAGE_STANDARD = gnu11;
				GCC_NO_COMMON_BLOCKS = YES;
				GCC_WARN_64_TO_32_BIT_CONVERSION = YES;
				GCC_WARN_ABOUT_RETURN_TYPE = YES_ERROR;
				GCC_WARN_UNDECLARED_SELECTOR = YES;
				GCC_WARN_UNINITIALIZED_AUTOS = YES_AGGRESSIVE;
				GCC_WARN_UNUSED_FUNCTION = YES;
				GCC_WARN_UNUSED_VARIABLE = YES;
				IPHONEOS_DEPLOYMENT_TARGET = 12.1;
				MTL_ENABLE_DEBUG_INFO = NO;
				MTL_FAST_MATH = YES;
				SDKROOT = iphoneos;
				SWIFT_COMPILATION_MODE = wholemodule;
				SWIFT_OPTIMIZATION_LEVEL = "-O";
				VALIDATE_PRODUCT = YES;
			};
			name = Release;
		};
		7BDC844421BEFED5006AF641 /* Debug */ = {
			isa = XCBuildConfiguration;
			buildSettings = {
				ASSETCATALOG_COMPILER_APPICON_NAME = AppIcon;
				CODE_SIGN_STYLE = Automatic;
				INFOPLIST_FILE = Adoptimistic/Info.plist;
				LD_RUNPATH_SEARCH_PATHS = (
					"$(inherited)",
					"@executable_path/Frameworks",
				);
				PRODUCT_BUNDLE_IDENTIFIER = com.Daniela.Adoptimistic;
				PRODUCT_NAME = "$(TARGET_NAME)";
				SWIFT_VERSION = 4.2;
				TARGETED_DEVICE_FAMILY = "1,2";
			};
			name = Debug;
		};
		7BDC844521BEFED5006AF641 /* Release */ = {
			isa = XCBuildConfiguration;
			buildSettings = {
				ASSETCATALOG_COMPILER_APPICON_NAME = AppIcon;
				CODE_SIGN_STYLE = Automatic;
				INFOPLIST_FILE = Adoptimistic/Info.plist;
				LD_RUNPATH_SEARCH_PATHS = (
					"$(inherited)",
					"@executable_path/Frameworks",
				);
				PRODUCT_BUNDLE_IDENTIFIER = com.Daniela.Adoptimistic;
				PRODUCT_NAME = "$(TARGET_NAME)";
				SWIFT_VERSION = 4.2;
				TARGETED_DEVICE_FAMILY = "1,2";
			};
			name = Release;
		};
/* End XCBuildConfiguration section */

/* Begin XCConfigurationList section */
		7BDC842C21BEFED3006AF641 /* Build configuration list for PBXProject "Adoptimistic" */ = {
			isa = XCConfigurationList;
			buildConfigurations = (
				7BDC844121BEFED5006AF641 /* Debug */,
				7BDC844221BEFED5006AF641 /* Release */,
			);
			defaultConfigurationIsVisible = 0;
			defaultConfigurationName = Release;
		};
		7BDC844321BEFED5006AF641 /* Build configuration list for PBXNativeTarget "Adoptimistic" */ = {
			isa = XCConfigurationList;
			buildConfigurations = (
				7BDC844421BEFED5006AF641 /* Debug */,
				7BDC844521BEFED5006AF641 /* Release */,
			);
			defaultConfigurationIsVisible = 0;
			defaultConfigurationName = Release;
		};
/* End XCConfigurationList section */

/* Begin XCVersionGroup section */
		7BDC844F21BF1D18006AF641 /* Adoptimistic.xcdatamodeld */ = {
			isa = XCVersionGroup;
			children = (
				7BDC845021BF1D18006AF641 /* Adoptimistic.xcdatamodel */,
			);
			currentVersion = 7BDC845021BF1D18006AF641 /* Adoptimistic.xcdatamodel */;
			path = Adoptimistic.xcdatamodeld;
			sourceTree = "<group>";
			versionGroupType = wrapper.xcdatamodel;
		};
/* End XCVersionGroup section */
	};
	rootObject = 7BDC842921BEFED3006AF641 /* Project object */;
}
